// !$*UTF8*$!
{
	archiveVersion = 1;
	classes = {
	};
	objectVersion = 56;
	objects = {

/* Begin PBXBuildFile section */
		3768ADDE2D8F643500FD85B4 /* AppDelegate.swift in Sources */ = {isa = PBXBuildFile; fileRef = 3768ADDD2D8F643500FD85B4 /* AppDelegate.swift */; };
		3768ADE02D8F643500FD85B4 /* SceneDelegate.swift in Sources */ = {isa = PBXBuildFile; fileRef = 3768ADDF2D8F643500FD85B4 /* SceneDelegate.swift */; };
		3768ADE52D8F643500FD85B4 /* Main.storyboard in Resources */ = {isa = PBXBuildFile; fileRef = 3768ADE32D8F643500FD85B4 /* Main.storyboard */; };
		3768ADE72D8F643600FD85B4 /* Assets.xcassets in Resources */ = {isa = PBXBuildFile; fileRef = 3768ADE62D8F643600FD85B4 /* Assets.xcassets */; };
		3768ADEA2D8F643600FD85B4 /* LaunchScreen.storyboard in Resources */ = {isa = PBXBuildFile; fileRef = 3768ADE82D8F643600FD85B4 /* LaunchScreen.storyboard */; };
		37EDDB002D8F6A6500CD4D51 /* NumbersAndRegions.swift in Sources */ = {isa = PBXBuildFile; fileRef = 37EDDAFF2D8F6A6500CD4D51 /* NumbersAndRegions.swift */; };
/* End PBXBuildFile section */

/* Begin PBXFileReference section */
		3768ADDA2D8F643500FD85B4 /* RegionOfCar.app */ = {isa = PBXFileReference; explicitFileType = wrapper.application; includeInIndex = 0; path = RegionOfCar.app; sourceTree = BUILT_PRODUCTS_DIR; };
		3768ADDD2D8F643500FD85B4 /* AppDelegate.swift */ = {isa = PBXFileReference; lastKnownFileType = sourcecode.swift; path = AppDelegate.swift; sourceTree = "<group>"; };
		3768ADDF2D8F643500FD85B4 /* SceneDelegate.swift */ = {isa = PBXFileReference; lastKnownFileType = sourcecode.swift; path = SceneDelegate.swift; sourceTree = "<group>"; };
		3768ADE42D8F643500FD85B4 /* Base */ = {isa = PBXFileReference; lastKnownFileType = file.storyboard; name = Base; path = Base.lproj/Main.storyboard; sourceTree = "<group>"; };
		3768ADE62D8F643600FD85B4 /* Assets.xcassets */ = {isa = PBXFileReference; lastKnownFileType = folder.assetcatalog; path = Assets.xcassets; sourceTree = "<group>"; };
		3768ADE92D8F643600FD85B4 /* Base */ = {isa = PBXFileReference; lastKnownFileType = file.storyboard; name = Base; path = Base.lproj/LaunchScreen.storyboard; sourceTree = "<group>"; };
		3768ADEB2D8F643600FD85B4 /* Info.plist */ = {isa = PBXFileReference; lastKnownFileType = text.plist.xml; path = Info.plist; sourceTree = "<group>"; };
		37EDDAFF2D8F6A6500CD4D51 /* NumbersAndRegions.swift */ = {isa = PBXFileReference; lastKnownFileType = sourcecode.swift; path = NumbersAndRegions.swift; sourceTree = "<group>"; };
/* End PBXFileReference section */

/* Begin PBXFrameworksBuildPhase section */
		3768ADD72D8F643500FD85B4 /* Frameworks */ = {
			isa = PBXFrameworksBuildPhase;
			buildActionMask = 2147483647;
			files = (
			);
			runOnlyForDeploymentPostprocessing = 0;
		};
/* End PBXFrameworksBuildPhase section */

/* Begin PBXGroup section */
		375906E02D8F67D1008F1B88 /* SupportingFiles */ = {
			isa = PBXGroup;
			children = (
				3768ADEB2D8F643600FD85B4 /* Info.plist */,
				3768ADE62D8F643600FD85B4 /* Assets.xcassets */,
			);
			path = SupportingFiles;
			sourceTree = "<group>";
		};
		375906E12D8F67F0008F1B88 /* RegionOfCar */ = {
			isa = PBXGroup;
			children = (
				375906E82D8F682D008F1B88 /* Model */,
				375906E72D8F6828008F1B88 /* View */,
				375906E62D8F6820008F1B88 /* Controller */,
			);
			path = RegionOfCar;
			sourceTree = "<group>";
		};
		375906E22D8F67FD008F1B88 /* App */ = {
			isa = PBXGroup;
			children = (
				375906E52D8F6818008F1B88 /* Model */,
				375906E42D8F6810008F1B88 /* View */,
				375906E32D8F6807008F1B88 /* Controller */,
			);
			path = App;
			sourceTree = "<group>";
		};
		375906E32D8F6807008F1B88 /* Controller */ = {
			isa = PBXGroup;
			children = (
				3768ADDD2D8F643500FD85B4 /* AppDelegate.swift */,
				3768ADDF2D8F643500FD85B4 /* SceneDelegate.swift */,
			);
			path = Controller;
			sourceTree = "<group>";
		};
		375906E42D8F6810008F1B88 /* View */ = {
			isa = PBXGroup;
			children = (
				3768ADE82D8F643600FD85B4 /* LaunchScreen.storyboard */,
			);
			path = View;
			sourceTree = "<group>";
		};
		375906E52D8F6818008F1B88 /* Model */ = {
			isa = PBXGroup;
			children = (
			);
			path = Model;
			sourceTree = "<group>";
		};
		375906E62D8F6820008F1B88 /* Controller */ = {
			isa = PBXGroup;
			children = (
			);
			path = Controller;
			sourceTree = "<group>";
		};
		375906E72D8F6828008F1B88 /* View */ = {
			isa = PBXGroup;
			children = (
				3768ADE32D8F643500FD85B4 /* Main.storyboard */,
			);
			path = View;
			sourceTree = "<group>";
		};
		375906E82D8F682D008F1B88 /* Model */ = {
			isa = PBXGroup;
			children = (
				37EDDAFF2D8F6A6500CD4D51 /* NumbersAndRegions.swift */,
			);
			path = Model;
			sourceTree = "<group>";
		};
		3768ADD12D8F643500FD85B4 = {
			isa = PBXGroup;
			children = (
				3768ADDC2D8F643500FD85B4 /* RegionOfCar */,
				3768ADDB2D8F643500FD85B4 /* Products */,
			);
			sourceTree = "<group>";
		};
		3768ADDB2D8F643500FD85B4 /* Products */ = {
			isa = PBXGroup;
			children = (
				3768ADDA2D8F643500FD85B4 /* RegionOfCar.app */,
			);
			name = Products;
			sourceTree = "<group>";
		};
		3768ADDC2D8F643500FD85B4 /* RegionOfCar */ = {
			isa = PBXGroup;
			children = (
				375906E22D8F67FD008F1B88 /* App */,
				375906E12D8F67F0008F1B88 /* RegionOfCar */,
				375906E02D8F67D1008F1B88 /* SupportingFiles */,
			);
			path = RegionOfCar;
			sourceTree = "<group>";
		};
/* End PBXGroup section */

/* Begin PBXNativeTarget section */
		3768ADD92D8F643500FD85B4 /* RegionOfCar */ = {
			isa = PBXNativeTarget;
			buildConfigurationList = 3768ADEE2D8F643600FD85B4 /* Build configuration list for PBXNativeTarget "RegionOfCar" */;
			buildPhases = (
				3768ADD62D8F643500FD85B4 /* Sources */,
				3768ADD72D8F643500FD85B4 /* Frameworks */,
				3768ADD82D8F643500FD85B4 /* Resources */,
			);
			buildRules = (
			);
			dependencies = (
			);
			name = RegionOfCar;
			productName = RegionOfCar;
			productReference = 3768ADDA2D8F643500FD85B4 /* RegionOfCar.app */;
			productType = "com.apple.product-type.application";
		};
/* End PBXNativeTarget section */

/* Begin PBXProject section */
		3768ADD22D8F643500FD85B4 /* Project object */ = {
			isa = PBXProject;
			attributes = {
				BuildIndependentTargetsInParallel = 1;
				LastSwiftUpdateCheck = 1420;
				LastUpgradeCheck = 1420;
				TargetAttributes = {
					3768ADD92D8F643500FD85B4 = {
						CreatedOnToolsVersion = 14.2;
					};
				};
			};
			buildConfigurationList = 3768ADD52D8F643500FD85B4 /* Build configuration list for PBXProject "RegionOfCar" */;
			compatibilityVersion = "Xcode 14.0";
			developmentRegion = en;
			hasScannedForEncodings = 0;
			knownRegions = (
				en,
				Base,
			);
			mainGroup = 3768ADD12D8F643500FD85B4;
			productRefGroup = 3768ADDB2D8F643500FD85B4 /* Products */;
			projectDirPath = "";
			projectRoot = "";
			targets = (
				3768ADD92D8F643500FD85B4 /* RegionOfCar */,
			);
		};
/* End PBXProject section */

/* Begin PBXResourcesBuildPhase section */
		3768ADD82D8F643500FD85B4 /* Resources */ = {
			isa = PBXResourcesBuildPhase;
			buildActionMask = 2147483647;
			files = (
				3768ADEA2D8F643600FD85B4 /* LaunchScreen.storyboard in Resources */,
				3768ADE72D8F643600FD85B4 /* Assets.xcassets in Resources */,
				3768ADE52D8F643500FD85B4 /* Main.storyboard in Resources */,
			);
			runOnlyForDeploymentPostprocessing = 0;
		};
/* End PBXResourcesBuildPhase section */

/* Begin PBXSourcesBuildPhase section */
		3768ADD62D8F643500FD85B4 /* Sources */ = {
			isa = PBXSourcesBuildPhase;
			buildActionMask = 2147483647;
			files = (
				3768ADDE2D8F643500FD85B4 /* AppDelegate.swift in Sources */,
				3768ADE02D8F643500FD85B4 /* SceneDelegate.swift in Sources */,
				37EDDB002D8F6A6500CD4D51 /* NumbersAndRegions.swift in Sources */,
			);
			runOnlyForDeploymentPostprocessing = 0;
		};
/* End PBXSourcesBuildPhase section */

/* Begin PBXVariantGroup section */
		3768ADE32D8F643500FD85B4 /* Main.storyboard */ = {
			isa = PBXVariantGroup;
			children = (
				3768ADE42D8F643500FD85B4 /* Base */,
			);
			name = Main.storyboard;
			sourceTree = "<group>";
		};
		3768ADE82D8F643600FD85B4 /* LaunchScreen.storyboard */ = {
			isa = PBXVariantGroup;
			children = (
				3768ADE92D8F643600FD85B4 /* Base */,
			);
			name = LaunchScreen.storyboard;
			sourceTree = "<group>";
		};
/* End PBXVariantGroup section */

/* Begin XCBuildConfiguration section */
		3768ADEC2D8F643600FD85B4 /* Debug */ = {
			isa = XCBuildConfiguration;
			buildSettings = {
				ALWAYS_SEARCH_USER_PATHS = NO;
				CLANG_ANALYZER_NONNULL = YES;
				CLANG_ANALYZER_NUMBER_OBJECT_CONVERSION = YES_AGGRESSIVE;
				CLANG_CXX_LANGUAGE_STANDARD = "gnu++20";
				CLANG_ENABLE_MODULES = YES;
				CLANG_ENABLE_OBJC_ARC = YES;
				CLANG_ENABLE_OBJC_WEAK = YES;
				CLANG_WARN_BLOCK_CAPTURE_AUTORELEASING = YES;
				CLANG_WARN_BOOL_CONVERSION = YES;
				CLANG_WARN_COMMA = YES;
				CLANG_WARN_CONSTANT_CONVERSION = YES;
				CLANG_WARN_DEPRECATED_OBJC_IMPLEMENTATIONS = YES;
				CLANG_WARN_DIRECT_OBJC_ISA_USAGE = YES_ERROR;
				CLANG_WARN_DOCUMENTATION_COMMENTS = YES;
				CLANG_WARN_EMPTY_BODY = YES;
				CLANG_WARN_ENUM_CONVERSION = YES;
				CLANG_WARN_INFINITE_RECURSION = YES;
				CLANG_WARN_INT_CONVERSION = YES;
				CLANG_WARN_NON_LITERAL_NULL_CONVERSION = YES;
				CLANG_WARN_OBJC_IMPLICIT_RETAIN_SELF = YES;
				CLANG_WARN_OBJC_LITERAL_CONVERSION = YES;
				CLANG_WARN_OBJC_ROOT_CLASS = YES_ERROR;
				CLANG_WARN_QUOTED_INCLUDE_IN_FRAMEWORK_HEADER = YES;
				CLANG_WARN_RANGE_LOOP_ANALYSIS = YES;
				CLANG_WARN_STRICT_PROTOTYPES = YES;
				CLANG_WARN_SUSPICIOUS_MOVE = YES;
				CLANG_WARN_UNGUARDED_AVAILABILITY = YES_AGGRESSIVE;
				CLANG_WARN_UNREACHABLE_CODE = YES;
				CLANG_WARN__DUPLICATE_METHOD_MATCH = YES;
				COPY_PHASE_STRIP = NO;
				DEBUG_INFORMATION_FORMAT = dwarf;
				ENABLE_STRICT_OBJC_MSGSEND = YES;
				ENABLE_TESTABILITY = YES;
				GCC_C_LANGUAGE_STANDARD = gnu11;
				GCC_DYNAMIC_NO_PIC = NO;
				GCC_NO_COMMON_BLOCKS = YES;
				GCC_OPTIMIZATION_LEVEL = 0;
				GCC_PREPROCESSOR_DEFINITIONS = (
					"DEBUG=1",
					"$(inherited)",
				);
				GCC_WARN_64_TO_32_BIT_CONVERSION = YES;
				GCC_WARN_ABOUT_RETURN_TYPE = YES_ERROR;
				GCC_WARN_UNDECLARED_SELECTOR = YES;
				GCC_WARN_UNINITIALIZED_AUTOS = YES_AGGRESSIVE;
				GCC_WARN_UNUSED_FUNCTION = YES;
				GCC_WARN_UNUSED_VARIABLE = YES;
				IPHONEOS_DEPLOYMENT_TARGET = 16.2;
				MTL_ENABLE_DEBUG_INFO = INCLUDE_SOURCE;
				MTL_FAST_MATH = YES;
				ONLY_ACTIVE_ARCH = YES;
				SDKROOT = iphoneos;
				SWIFT_ACTIVE_COMPILATION_CONDITIONS = DEBUG;
				SWIFT_OPTIMIZATION_LEVEL = "-Onone";
			};
			name = Debug;
		};
		3768ADED2D8F643600FD85B4 /* Release */ = {
			isa = XCBuildConfiguration;
			buildSettings = {
				ALWAYS_SEARCH_USER_PATHS = NO;
				CLANG_ANALYZER_NONNULL = YES;
				CLANG_ANALYZER_NUMBER_OBJECT_CONVERSION = YES_AGGRESSIVE;
				CLANG_CXX_LANGUAGE_STANDARD = "gnu++20";
				CLANG_ENABLE_MODULES = YES;
				CLANG_ENABLE_OBJC_ARC = YES;
				CLANG_ENABLE_OBJC_WEAK = YES;
				CLANG_WARN_BLOCK_CAPTURE_AUTORELEASING = YES;
				CLANG_WARN_BOOL_CONVERSION = YES;
				CLANG_WARN_COMMA = YES;
				CLANG_WARN_CONSTANT_CONVERSION = YES;
				CLANG_WARN_DEPRECATED_OBJC_IMPLEMENTATIONS = YES;
				CLANG_WARN_DIRECT_OBJC_ISA_USAGE = YES_ERROR;
				CLANG_WARN_DOCUMENTATION_COMMENTS = YES;
				CLANG_WARN_EMPTY_BODY = YES;
				CLANG_WARN_ENUM_CONVERSION = YES;
				CLANG_WARN_INFINITE_RECURSION = YES;
				CLANG_WARN_INT_CONVERSION = YES;
				CLANG_WARN_NON_LITERAL_NULL_CONVERSION = YES;
				CLANG_WARN_OBJC_IMPLICIT_RETAIN_SELF = YES;
				CLANG_WARN_OBJC_LITERAL_CONVERSION = YES;
				CLANG_WARN_OBJC_ROOT_CLASS = YES_ERROR;
				CLANG_WARN_QUOTED_INCLUDE_IN_FRAMEWORK_HEADER = YES;
				CLANG_WARN_RANGE_LOOP_ANALYSIS = YES;
				CLANG_WARN_STRICT_PROTOTYPES = YES;
				CLANG_WARN_SUSPICIOUS_MOVE = YES;
				CLANG_WARN_UNGUARDED_AVAILABILITY = YES_AGGRESSIVE;
				CLANG_WARN_UNREACHABLE_CODE = YES;
				CLANG_WARN__DUPLICATE_METHOD_MATCH = YES;
				COPY_PHASE_STRIP = NO;
				DEBUG_INFORMATION_FORMAT = "dwarf-with-dsym";
				ENABLE_NS_ASSERTIONS = NO;
				ENABLE_STRICT_OBJC_MSGSEND = YES;
				GCC_C_LANGUAGE_STANDARD = gnu11;
				GCC_NO_COMMON_BLOCKS = YES;
				GCC_WARN_64_TO_32_BIT_CONVERSION = YES;
				GCC_WARN_ABOUT_RETURN_TYPE = YES_ERROR;
				GCC_WARN_UNDECLARED_SELECTOR = YES;
				GCC_WARN_UNINITIALIZED_AUTOS = YES_AGGRESSIVE;
				GCC_WARN_UNUSED_FUNCTION = YES;
				GCC_WARN_UNUSED_VARIABLE = YES;
				IPHONEOS_DEPLOYMENT_TARGET = 16.2;
				MTL_ENABLE_DEBUG_INFO = NO;
				MTL_FAST_MATH = YES;
				SDKROOT = iphoneos;
				SWIFT_COMPILATION_MODE = wholemodule;
				SWIFT_OPTIMIZATION_LEVEL = "-O";
				VALIDATE_PRODUCT = YES;
			};
			name = Release;
		};
		3768ADEF2D8F643600FD85B4 /* Debug */ = {
			isa = XCBuildConfiguration;
			buildSettings = {
				ASSETCATALOG_COMPILER_APPICON_NAME = AppIcon;
				ASSETCATALOG_COMPILER_GLOBAL_ACCENT_COLOR_NAME = AccentColor;
				CODE_SIGN_STYLE = Automatic;
				CURRENT_PROJECT_VERSION = 1;
				DEVELOPMENT_TEAM = 35F72NUF9N;
				GENERATE_INFOPLIST_FILE = YES;
				INFOPLIST_FILE = RegionOfCar/SupportingFiles/Info.plist;
				INFOPLIST_KEY_CFBundleDisplayName = "Регионы";
				INFOPLIST_KEY_UIApplicationSupportsIndirectInputEvents = YES;
				INFOPLIST_KEY_UILaunchStoryboardName = LaunchScreen;
				INFOPLIST_KEY_UIMainStoryboardFile = Main;
				INFOPLIST_KEY_UISupportedInterfaceOrientations = UIInterfaceOrientationPortrait;
				INFOPLIST_KEY_UISupportedInterfaceOrientations_iPad = "UIInterfaceOrientationLandscapeLeft UIInterfaceOrientationLandscapeRight UIInterfaceOrientationPortrait UIInterfaceOrientationPortraitUpsideDown";
				IPHONEOS_DEPLOYMENT_TARGET = 15.0;
				LD_RUNPATH_SEARCH_PATHS = (
					"$(inherited)",
					"@executable_path/Frameworks",
				);
				MARKETING_VERSION = 1.0;
				PRODUCT_BUNDLE_IDENTIFIER = ru.volkovmd.RegionOfCar;
				PRODUCT_NAME = "$(TARGET_NAME)";
				SUPPORTED_PLATFORMS = "iphoneos iphonesimulator";
				SUPPORTS_MACCATALYST = NO;
				SUPPORTS_MAC_DESIGNED_FOR_IPHONE_IPAD = NO;
				SWIFT_EMIT_LOC_STRINGS = YES;
				SWIFT_VERSION = 5.0;
				TARGETED_DEVICE_FAMILY = 1;
			};
			name = Debug;
		};
		3768ADF02D8F643600FD85B4 /* Release */ = {
			isa = XCBuildConfiguration;
			buildSettings = {
				ASSETCATALOG_COMPILER_APPICON_NAME = AppIcon;
				ASSETCATALOG_COMPILER_GLOBAL_ACCENT_COLOR_NAME = AccentColor;
				CODE_SIGN_STYLE = Automatic;
				CURRENT_PROJECT_VERSION = 1;
				DEVELOPMENT_TEAM = 35F72NUF9N;
				GENERATE_INFOPLIST_FILE = YES;
				INFOPLIST_FILE = RegionOfCar/SupportingFiles/Info.plist;
				INFOPLIST_KEY_CFBundleDisplayName = "Регионы";
				INFOPLIST_KEY_UIApplicationSupportsIndirectInputEvents = YES;
				INFOPLIST_KEY_UILaunchStoryboardName = LaunchScreen;
				INFOPLIST_KEY_UIMainStoryboardFile = Main;
				INFOPLIST_KEY_UISupportedInterfaceOrientations = UIInterfaceOrientationPortrait;
				INFOPLIST_KEY_UISupportedInterfaceOrientations_iPad = "UIInterfaceOrientationLandscapeLeft UIInterfaceOrientationLandscapeRight UIInterfaceOrientationPortrait UIInterfaceOrientationPortraitUpsideDown";
				IPHONEOS_DEPLOYMENT_TARGET = 15.0;
				LD_RUNPATH_SEARCH_PATHS = (
					"$(inherited)",
					"@executable_path/Frameworks",
				);
				MARKETING_VERSION = 1.0;
				PRODUCT_BUNDLE_IDENTIFIER = ru.volkovmd.RegionOfCar;
				PRODUCT_NAME = "$(TARGET_NAME)";
				SUPPORTED_PLATFORMS = "iphoneos iphonesimulator";
				SUPPORTS_MACCATALYST = NO;
				SUPPORTS_MAC_DESIGNED_FOR_IPHONE_IPAD = NO;
				SWIFT_EMIT_LOC_STRINGS = YES;
				SWIFT_VERSION = 5.0;
				TARGETED_DEVICE_FAMILY = 1;
			};
			name = Release;
		};
/* End XCBuildConfiguration section */

/* Begin XCConfigurationList section */
		3768ADD52D8F643500FD85B4 /* Build configuration list for PBXProject "RegionOfCar" */ = {
			isa = XCConfigurationList;
			buildConfigurations = (
				3768ADEC2D8F643600FD85B4 /* Debug */,
				3768ADED2D8F643600FD85B4 /* Release */,
			);
			defaultConfigurationIsVisible = 0;
			defaultConfigurationName = Release;
		};
		3768ADEE2D8F643600FD85B4 /* Build configuration list for PBXNativeTarget "RegionOfCar" */ = {
			isa = XCConfigurationList;
			buildConfigurations = (
				3768ADEF2D8F643600FD85B4 /* Debug */,
				3768ADF02D8F643600FD85B4 /* Release */,
			);
			defaultConfigurationIsVisible = 0;
			defaultConfigurationName = Release;
		};
/* End XCConfigurationList section */
	};
	rootObject = 3768ADD22D8F643500FD85B4 /* Project object */;
}
